
Microsoft Visual Studio Solution File, Format Version 12.00
# Visual Studio Version 17
VisualStudioVersion = 17.0.31903.59
MinimumVisualStudioVersion = 10.0.40219.1
Project("{2150E333-8FDC-42A3-9474-1A3956D46DE8}") = "src", "src", "{827E0CD3-B72D-47B6-A68D-7590B98EB39B}"
EndProject
Project("{FAE04EC0-301F-11D3-BF4B-00C04F79EFBC}") = "NutHub.Core", "src\NutHub.Core\NutHub.Core.csproj", "{24BCF220-C52F-4CD4-87D2-B24D18675FEC}"
EndProject
Project("{FAE04EC0-301F-11D3-BF4B-00C04F79EFBC}") = "NutHub.Drivers.Hid", "src\NutHub.Drivers.Hid\NutHub.Drivers.Hid.csproj", "{15EDCC52-3803-43CA-A2C0-5A67433FF43A}"
EndProject
Project("{FAE04EC0-301F-11D3-BF4B-00C04F79EFBC}") = "NutHub.Drivers.Net", "src\NutHub.Drivers.Net\NutHub.Drivers.Net.csproj", "{58935776-AC49-4F69-8A57-2035A0204A1D}"
EndProject
Project("{FAE04EC0-301F-11D3-BF4B-00C04F79EFBC}") = "NutHub.Drivers.Serial", "src\NutHub.Drivers.Serial\NutHub.Drivers.Serial.csproj", "{89DA8709-ECE9-4CA5-96D9-EBB1738A4813}"
EndProject
Project("{FAE04EC0-301F-11D3-BF4B-00C04F79EFBC}") = "NutHub.Drivers.Snmp", "src\NutHub.Drivers.Snmp\NutHub.Drivers.Snmp.csproj", "{FAD6760E-8C42-43A4-933A-068DAF5A03A4}"
EndProject
Project("{FAE04EC0-301F-11D3-BF4B-00C04F79EFBC}") = "NutHub.Protocol", "src\NutHub.Protocol\NutHub.Protocol.csproj", "{195CA208-E160-4391-8EF5-F7B0F1BB81D1}"
EndProject
Project("{FAE04EC0-301F-11D3-BF4B-00C04F79EFBC}") = "NutHub.Services", "src\NutHub.Services\NutHub.Services.csproj", "{026231E3-18DB-4C5B-A6A5-7D0A9BD16679}"
EndProject
Project("{FAE04EC0-301F-11D3-BF4B-00C04F79EFBC}") = "NutHub.Storage", "src\NutHub.Storage\NutHub.Storage.csproj", "{EB660813-74F0-4BA3-95A0-1FF969A9E957}"
EndProject
Project("{FAE04EC0-301F-11D3-BF4B-00C04F79EFBC}") = "NutHub.Web", "src\NutHub.Web\NutHub.Web.csproj", "{7A9F0B02-3A1C-48BE-8AFD-6F11412DCB4C}"
EndProject
Project("{FAE04EC0-301F-11D3-BF4B-00C04F79EFBC}") = "NutHub", "src\NutHub\NutHub.csproj", "{24960CA9-56F8-43B4-99C8-00DDBF4FC859}"
EndProject
Project("{2150E333-8FDC-42A3-9474-1A3956D46DE8}") = "tests", "tests", "{0AB3BF05-4346-4AA6-1389-037BE0695223}"
EndProject
Project("{FAE04EC0-301F-11D3-BF4B-00C04F79EFBC}") = "NutHub.Core.Tests", "tests\NutHub.Core.Tests\NutHub.Core.Tests.csproj", "{84BA5D31-0D4F-48EB-AC97-95F788DF376B}"
EndProject
Project("{FAE04EC0-301F-11D3-BF4B-00C04F79EFBC}") = "NutHub.Drivers.Hid.Tests", "tests\NutHub.Drivers.Hid.Tests\NutHub.Drivers.Hid.Tests.csproj", "{0248436D-368A-4411-BBB2-B4C3A9931F3A}"
EndProject
Project("{FAE04EC0-301F-11D3-BF4B-00C04F79EFBC}") = "NutHub.Drivers.Net.Tests", "tests\NutHub.Drivers.Net.Tests\NutHub.Drivers.Net.Tests.csproj", "{ED28BF59-871F-4AC0-9648-60B263A612AD}"
EndProject
Project("{FAE04EC0-301F-11D3-BF4B-00C04F79EFBC}") = "NutHub.Drivers.Serial.Tests", "tests\NutHub.Drivers.Serial.Tests\NutHub.Drivers.Serial.Tests.csproj", "{FF265D08-D9E8-4527-B7BA-AF2F735F4C1F}"
EndProject
Project("{FAE04EC0-301F-11D3-BF4B-00C04F79EFBC}") = "NutHub.Drivers.Snmp.Tests", "tests\NutHub.Drivers.Snmp.Tests\NutHub.Drivers.Snmp.Tests.csproj", "{412B650F-9977-4B96-8EFC-CED78F5263B5}"
EndProject
Project("{FAE04EC0-301F-11D3-BF4B-00C04F79EFBC}") = "NutHub.Protocol.Tests", "tests\NutHub.Protocol.Tests\NutHub.Protocol.Tests.csproj", "{5CF0167F-92B9-4759-870A-28F4D0CB93B4}"
EndProject
Project("{FAE04EC0-301F-11D3-BF4B-00C04F79EFBC}") = "NutHub.Services.Tests", "tests\NutHub.Services.Tests\NutHub.Services.Tests.csproj", "{661188AE-FEEF-47C8-8396-890410EE86A3}"
EndProject
Project("{FAE04EC0-301F-11D3-BF4B-00C04F79EFBC}") = "NutHub.Storage.Tests", "tests\NutHub.Storage.Tests\NutHub.Storage.Tests.csproj", "{2823CFB9-369E-4409-9F4A-66D57F1335DF}"
EndProject
Project("{FAE04EC0-301F-11D3-BF4B-00C04F79EFBC}") = "NutHub.Web.Tests", "tests\NutHub.Web.Tests\NutHub.Web.Tests.csproj", "{3E57CA3F-FA1E-4500-B676-7F430923C37C}"
EndProject
Global
	GlobalSection(SolutionConfigurationPlatforms) = preSolution
		Debug|Any CPU = Debug|Any CPU
		Debug|x64 = Debug|x64
		Debug|x86 = Debug|x86
		Release|Any CPU = Release|Any CPU
		Release|x64 = Release|x64
		Release|x86 = Release|x86
	EndGlobalSection
	GlobalSection(ProjectConfigurationPlatforms) = postSolution
		{24BCF220-C52F-4CD4-87D2-B24D18675FEC}.Debug|Any CPU.ActiveCfg = Debug|Any CPU
		{24BCF220-C52F-4CD4-87D2-B24D18675FEC}.Debug|Any CPU.Build.0 = Debug|Any CPU
		{24BCF220-C52F-4CD4-87D2-B24D18675FEC}.Debug|x64.ActiveCfg = Debug|Any CPU
		{24BCF220-C52F-4CD4-87D2-B24D18675FEC}.Debug|x64.Build.0 = Debug|Any CPU
		{24BCF220-C52F-4CD4-87D2-B24D18675FEC}.Debug|x86.ActiveCfg = Debug|Any CPU
		{24BCF220-C52F-4CD4-87D2-B24D18675FEC}.Debug|x86.Build.0 = Debug|Any CPU
		{24BCF220-C52F-4CD4-87D2-B24D18675FEC}.Release|Any CPU.ActiveCfg = Release|Any CPU
		{24BCF220-C52F-4CD4-87D2-B24D18675FEC}.Release|Any CPU.Build.0 = Release|Any CPU
		{24BCF220-C52F-4CD4-87D2-B24D18675FEC}.Release|x64.ActiveCfg = Release|Any CPU
		{24BCF220-C52F-4CD4-87D2-B24D18675FEC}.Release|x64.Build.0 = Release|Any CPU
		{24BCF220-C52F-4CD4-87D2-B24D18675FEC}.Release|x86.ActiveCfg = Release|Any CPU
		{24BCF220-C52F-4CD4-87D2-B24D18675FEC}.Release|x86.Build.0 = Release|Any CPU
		{15EDCC52-3803-43CA-A2C0-5A67433FF43A}.Debug|Any CPU.ActiveCfg = Debug|Any CPU
		{15EDCC52-3803-43CA-A2C0-5A67433FF43A}.Debug|Any CPU.Build.0 = Debug|Any CPU
		{15EDCC52-3803-43CA-A2C0-5A67433FF43A}.Debug|x64.ActiveCfg = Debug|Any CPU
		{15EDCC52-3803-43CA-A2C0-5A67433FF43A}.Debug|x64.Build.0 = Debug|Any CPU
		{15EDCC52-3803-43CA-A2C0-5A67433FF43A}.Debug|x86.ActiveCfg = Debug|Any CPU
		{15EDCC52-3803-43CA-A2C0-5A67433FF43A}.Debug|x86.Build.0 = Debug|Any CPU
		{15EDCC52-3803-43CA-A2C0-5A67433FF43A}.Release|Any CPU.ActiveCfg = Release|Any CPU
		{15EDCC52-3803-43CA-A2C0-5A67433FF43A}.Release|Any CPU.Build.0 = Release|Any CPU
		{15EDCC52-3803-43CA-A2C0-5A67433FF43A}.Release|x64.ActiveCfg = Release|Any CPU
		{15EDCC52-3803-43CA-A2C0-5A67433FF43A}.Release|x64.Build.0 = Release|Any CPU
		{15EDCC52-3803-43CA-A2C0-5A67433FF43A}.Release|x86.ActiveCfg = Release|Any CPU
		{15EDCC52-3803-43CA-A2C0-5A67433FF43A}.Release|x86.Build.0 = Release|Any CPU
		{58935776-AC49-4F69-8A57-2035A0204A1D}.Debug|Any CPU.ActiveCfg = Debug|Any CPU
		{58935776-AC49-4F69-8A57-2035A0204A1D}.Debug|Any CPU.Build.0 = Debug|Any CPU
		{58935776-AC49-4F69-8A57-2035A0204A1D}.Debug|x64.ActiveCfg = Debug|Any CPU
		{58935776-AC49-4F69-8A57-2035A0204A1D}.Debug|x64.Build.0 = Debug|Any CPU
		{58935776-AC49-4F69-8A57-2035A0204A1D}.Debug|x86.ActiveCfg = Debug|Any CPU
		{58935776-AC49-4F69-8A57-2035A0204A1D}.Debug|x86.Build.0 = Debug|Any CPU
		{58935776-AC49-4F69-8A57-2035A0204A1D}.Release|Any CPU.ActiveCfg = Release|Any CPU
		{58935776-AC49-4F69-8A57-2035A0204A1D}.Release|Any CPU.Build.0 = Release|Any CPU
		{58935776-AC49-4F69-8A57-2035A0204A1D}.Release|x64.ActiveCfg = Release|Any CPU
		{58935776-AC49-4F69-8A57-2035A0204A1D}.Release|x64.Build.0 = Release|Any CPU
		{58935776-AC49-4F69-8A57-2035A0204A1D}.Release|x86.ActiveCfg = Release|Any CPU
		{58935776-AC49-4F69-8A57-2035A0204A1D}.Release|x86.Build.0 = Release|Any CPU
		{89DA8709-ECE9-4CA5-96D9-EBB1738A4813}.Debug|Any CPU.ActiveCfg = Debug|Any CPU
		{89DA8709-ECE9-4CA5-96D9-EBB1738A4813}.Debug|Any CPU.Build.0 = Debug|Any CPU
		{89DA8709-ECE9-4CA5-96D9-EBB1738A4813}.Debug|x64.ActiveCfg = Debug|Any CPU
		{89DA8709-ECE9-4CA5-96D9-EBB1738A4813}.Debug|x64.Build.0 = Debug|Any CPU
		{89DA8709-ECE9-4CA5-96D9-EBB1738A4813}.Debug|x86.ActiveCfg = Debug|Any CPU
		{89DA8709-ECE9-4CA5-96D9-EBB1738A4813}.Debug|x86.Build.0 = Debug|Any CPU
		{89DA8709-ECE9-4CA5-96D9-EBB1738A4813}.Release|Any CPU.ActiveCfg = Release|Any CPU
		{89DA8709-ECE9-4CA5-96D9-EBB1738A4813}.Release|Any CPU.Build.0 = Release|Any CPU
		{89DA8709-ECE9-4CA5-96D9-EBB1738A4813}.Release|x64.ActiveCfg = Release|Any CPU
		{89DA8709-ECE9-4CA5-96D9-EBB1738A4813}.Release|x64.Build.0 = Release|Any CPU
		{89DA8709-ECE9-4CA5-96D9-EBB1738A4813}.Release|x86.ActiveCfg = Release|Any CPU
		{89DA8709-ECE9-4CA5-96D9-EBB1738A4813}.Release|x86.Build.0 = Release|Any CPU
		{FAD6760E-8C42-43A4-933A-068DAF5A03A4}.Debug|Any CPU.ActiveCfg = Debug|Any CPU
		{FAD6760E-8C42-43A4-933A-068DAF5A03A4}.Debug|Any CPU.Build.0 = Debug|Any CPU
		{FAD6760E-8C42-43A4-933A-068DAF5A03A4}.Debug|x64.ActiveCfg = Debug|Any CPU
		{FAD6760E-8C42-43A4-933A-068DAF5A03A4}.Debug|x64.Build.0 = Debug|Any CPU
		{FAD6760E-8C42-43A4-933A-068DAF5A03A4}.Debug|x86.ActiveCfg = Debug|Any CPU
		{FAD6760E-8C42-43A4-933A-068DAF5A03A4}.Debug|x86.Build.0 = Debug|Any CPU
		{FAD6760E-8C42-43A4-933A-068DAF5A03A4}.Release|Any CPU.ActiveCfg = Release|Any CPU
		{FAD6760E-8C42-43A4-933A-068DAF5A03A4}.Release|Any CPU.Build.0 = Release|Any CPU
		{FAD6760E-8C42-43A4-933A-068DAF5A03A4}.Release|x64.ActiveCfg = Release|Any CPU
		{FAD6760E-8C42-43A4-933A-068DAF5A03A4}.Release|x64.Build.0 = Release|Any CPU
		{FAD6760E-8C42-43A4-933A-068DAF5A03A4}.Release|x86.ActiveCfg = Release|Any CPU
		{FAD6760E-8C42-43A4-933A-068DAF5A03A4}.Release|x86.Build.0 = Release|Any CPU
		{195CA208-E160-4391-8EF5-F7B0F1BB81D1}.Debug|Any CPU.ActiveCfg = Debug|Any CPU
		{195CA208-E160-4391-8EF5-F7B0F1BB81D1}.Debug|Any CPU.Build.0 = Debug|Any CPU
		{195CA208-E160-4391-8EF5-F7B0F1BB81D1}.Debug|x64.ActiveCfg = Debug|Any CPU
		{195CA208-E160-4391-8EF5-F7B0F1BB81D1}.Debug|x64.Build.0 = Debug|Any CPU
		{195CA208-E160-4391-8EF5-F7B0F1BB81D1}.Debug|x86.ActiveCfg = Debug|Any CPU
		{195CA208-E160-4391-8EF5-F7B0F1BB81D1}.Debug|x86.Build.0 = Debug|Any CPU
		{195CA208-E160-4391-8EF5-F7B0F1BB81D1}.Release|Any CPU.ActiveCfg = Release|Any CPU
		{195CA208-E160-4391-8EF5-F7B0F1BB81D1}.Release|Any CPU.Build.0 = Release|Any CPU
		{195CA208-E160-4391-8EF5-F7B0F1BB81D1}.Release|x64.ActiveCfg = Release|Any CPU
		{195CA208-E160-4391-8EF5-F7B0F1BB81D1}.Release|x64.Build.0 = Release|Any CPU
		{195CA208-E160-4391-8EF5-F7B0F1BB81D1}.Release|x86.ActiveCfg = Release|Any CPU
		{195CA208-E160-4391-8EF5-F7B0F1BB81D1}.Release|x86.Build.0 = Release|Any CPU
		{026231E3-18DB-4C5B-A6A5-7D0A9BD16679}.Debug|Any CPU.ActiveCfg = Debug|Any CPU
		{026231E3-18DB-4C5B-A6A5-7D0A9BD16679}.Debug|Any CPU.Build.0 = Debug|Any CPU
		{026231E3-18DB-4C5B-A6A5-7D0A9BD16679}.Debug|x64.ActiveCfg = Debug|Any CPU
		{026231E3-18DB-4C5B-A6A5-7D0A9BD16679}.Debug|x64.Build.0 = Debug|Any CPU
		{026231E3-18DB-4C5B-A6A5-7D0A9BD16679}.Debug|x86.ActiveCfg = Debug|Any CPU
		{026231E3-18DB-4C5B-A6A5-7D0A9BD16679}.Debug|x86.Build.0 = Debug|Any CPU
		{026231E3-18DB-4C5B-A6A5-7D0A9BD16679}.Release|Any CPU.ActiveCfg = Release|Any CPU
		{026231E3-18DB-4C5B-A6A5-7D0A9BD16679}.Release|Any CPU.Build.0 = Release|Any CPU
		{026231E3-18DB-4C5B-A6A5-7D0A9BD16679}.Release|x64.ActiveCfg = Release|Any CPU
		{026231E3-18DB-4C5B-A6A5-7D0A9BD16679}.Release|x64.Build.0 = Release|Any CPU
		{026231E3-18DB-4C5B-A6A5-7D0A9BD16679}.Release|x86.ActiveCfg = Release|Any CPU
		{026231E3-18DB-4C5B-A6A5-7D0A9BD16679}.Release|x86.Build.0 = Release|Any CPU
		{EB660813-74F0-4BA3-95A0-1FF969A9E957}.Debug|Any CPU.ActiveCfg = Debug|Any CPU
		{EB660813-74F0-4BA3-95A0-1FF969A9E957}.Debug|Any CPU.Build.0 = Debug|Any CPU
		{EB660813-74F0-4BA3-95A0-1FF969A9E957}.Debug|x64.ActiveCfg = Debug|Any CPU
		{EB660813-74F0-4BA3-95A0-1FF969A9E957}.Debug|x64.Build.0 = Debug|Any CPU
		{EB660813-74F0-4BA3-95A0-1FF969A9E957}.Debug|x86.ActiveCfg = Debug|Any CPU
		{EB660813-74F0-4BA3-95A0-1FF969A9E957}.Debug|x86.Build.0 = Debug|Any CPU
		{EB660813-74F0-4BA3-95A0-1FF969A9E957}.Release|Any CPU.ActiveCfg = Release|Any CPU
		{EB660813-74F0-4BA3-95A0-1FF969A9E957}.Release|Any CPU.Build.0 = Release|Any CPU
		{EB660813-74F0-4BA3-95A0-1FF969A9E957}.Release|x64.ActiveCfg = Release|Any CPU
		{EB660813-74F0-4BA3-95A0-1FF969A9E957}.Release|x64.Build.0 = Release|Any CPU
		{EB660813-74F0-4BA3-95A0-1FF969A9E957}.Release|x86.ActiveCfg = Release|Any CPU
		{EB660813-74F0-4BA3-95A0-1FF969A9E957}.Release|x86.Build.0 = Release|Any CPU
		{7A9F0B02-3A1C-48BE-8AFD-6F11412DCB4C}.Debug|Any CPU.ActiveCfg = Debug|Any CPU
		{7A9F0B02-3A1C-48BE-8AFD-6F11412DCB4C}.Debug|Any CPU.Build.0 = Debug|Any CPU
		{7A9F0B02-3A1C-48BE-8AFD-6F11412DCB4C}.Debug|x64.ActiveCfg = Debug|Any CPU
		{7A9F0B02-3A1C-48BE-8AFD-6F11412DCB4C}.Debug|x64.Build.0 = Debug|Any CPU
		{7A9F0B02-3A1C-48BE-8AFD-6F11412DCB4C}.Debug|x86.ActiveCfg = Debug|Any CPU
		{7A9F0B02-3A1C-48BE-8AFD-6F11412DCB4C}.Debug|x86.Build.0 = Debug|Any CPU
		{7A9F0B02-3A1C-48BE-8AFD-6F11412DCB4C}.Release|Any CPU.ActiveCfg = Release|Any CPU
		{7A9F0B02-3A1C-48BE-8AFD-6F11412DCB4C}.Release|Any CPU.Build.0 = Release|Any CPU
		{7A9F0B02-3A1C-48BE-8AFD-6F11412DCB4C}.Release|x64.ActiveCfg = Release|Any CPU
		{7A9F0B02-3A1C-48BE-8AFD-6F11412DCB4C}.Release|x64.Build.0 = Release|Any CPU
		{7A9F0B02-3A1C-48BE-8AFD-6F11412DCB4C}.Release|x86.ActiveCfg = Release|Any CPU
		{7A9F0B02-3A1C-48BE-8AFD-6F11412DCB4C}.Release|x86.Build.0 = Release|Any CPU
		{24960CA9-56F8-43B4-99C8-00DDBF4FC859}.Debug|Any CPU.ActiveCfg = Debug|Any CPU
		{24960CA9-56F8-43B4-99C8-00DDBF4FC859}.Debug|Any CPU.Build.0 = Debug|Any CPU
		{24960CA9-56F8-43B4-99C8-00DDBF4FC859}.Debug|x64.ActiveCfg = Debug|Any CPU
		{24960CA9-56F8-43B4-99C8-00DDBF4FC859}.Debug|x64.Build.0 = Debug|Any CPU
		{24960CA9-56F8-43B4-99C8-00DDBF4FC859}.Debug|x86.ActiveCfg = Debug|Any CPU
		{24960CA9-56F8-43B4-99C8-00DDBF4FC859}.Debug|x86.Build.0 = Debug|Any CPU
		{24960CA9-56F8-43B4-99C8-00DDBF4FC859}.Release|Any CPU.ActiveCfg = Release|Any CPU
		{24960CA9-56F8-43B4-99C8-00DDBF4FC859}.Release|Any CPU.Build.0 = Release|Any CPU
		{24960CA9-56F8-43B4-99C8-00DDBF4FC859}.Release|x64.ActiveCfg = Release|Any CPU
		{24960CA9-56F8-43B4-99C8-00DDBF4FC859}.Release|x64.Build.0 = Release|Any CPU
		{24960CA9-56F8-43B4-99C8-00DDBF4FC859}.Release|x86.ActiveCfg = Release|Any CPU
		{24960CA9-56F8-43B4-99C8-00DDBF4FC859}.Release|x86.Build.0 = Release|Any CPU
		{84BA5D31-0D4F-48EB-AC97-95F788DF376B}.Debug|Any CPU.ActiveCfg = Debug|Any CPU
		{84BA5D31-0D4F-48EB-AC97-95F788DF376B}.Debug|Any CPU.Build.0 = Debug|Any CPU
		{84BA5D31-0D4F-48EB-AC97-95F788DF376B}.Debug|x64.ActiveCfg = Debug|Any CPU
		{84BA5D31-0D4F-48EB-AC97-95F788DF376B}.Debug|x64.Build.0 = Debug|Any CPU
		{84BA5D31-0D4F-48EB-AC97-95F788DF376B}.Debug|x86.ActiveCfg = Debug|Any CPU
		{84BA5D31-0D4F-48EB-AC97-95F788DF376B}.Debug|x86.Build.0 = Debug|Any CPU
		{84BA5D31-0D4F-48EB-AC97-95F788DF376B}.Release|Any CPU.ActiveCfg = Release|Any CPU
		{84BA5D31-0D4F-48EB-AC97-95F788DF376B}.Release|Any CPU.Build.0 = Release|Any CPU
		{84BA5D31-0D4F-48EB-AC97-95F788DF376B}.Release|x64.ActiveCfg = Release|Any CPU
		{84BA5D31-0D4F-48EB-AC97-95F788DF376B}.Release|x64.Build.0 = Release|Any CPU
		{84BA5D31-0D4F-48EB-AC97-95F788DF376B}.Release|x86.ActiveCfg = Release|Any CPU
		{84BA5D31-0D4F-48EB-AC97-95F788DF376B}.Release|x86.Build.0 = Release|Any CPU
		{0248436D-368A-4411-BBB2-B4C3A9931F3A}.Debug|Any CPU.ActiveCfg = Debug|Any CPU
		{0248436D-368A-4411-BBB2-B4C3A9931F3A}.Debug|Any CPU.Build.0 = Debug|Any CPU
		{0248436D-368A-4411-BBB2-B4C3A9931F3A}.Debug|x64.ActiveCfg = Debug|Any CPU
		{0248436D-368A-4411-BBB2-B4C3A9931F3A}.Debug|x64.Build.0 = Debug|Any CPU
		{0248436D-368A-4411-BBB2-B4C3A9931F3A}.Debug|x86.ActiveCfg = Debug|Any CPU
		{0248436D-368A-4411-BBB2-B4C3A9931F3A}.Debug|x86.Build.0 = Debug|Any CPU
		{0248436D-368A-4411-BBB2-B4C3A9931F3A}.Release|Any CPU.ActiveCfg = Release|Any CPU
		{0248436D-368A-4411-BBB2-B4C3A9931F3A}.Release|Any CPU.Build.0 = Release|Any CPU
		{0248436D-368A-4411-BBB2-B4C3A9931F3A}.Release|x64.ActiveCfg = Release|Any CPU
		{0248436D-368A-4411-BBB2-B4C3A9931F3A}.Release|x64.Build.0 = Release|Any CPU
		{0248436D-368A-4411-BBB2-B4C3A9931F3A}.Release|x86.ActiveCfg = Release|Any CPU
		{0248436D-368A-4411-BBB2-B4C3A9931F3A}.Release|x86.Build.0 = Release|Any CPU
		{ED28BF59-871F-4AC0-9648-60B263A612AD}.Debug|Any CPU.ActiveCfg = Debug|Any CPU
		{ED28BF59-871F-4AC0-9648-60B263A612AD}.Debug|Any CPU.Build.0 = Debug|Any CPU
		{ED28BF59-871F-4AC0-9648-60B263A612AD}.Debug|x64.ActiveCfg = Debug|Any CPU
		{ED28BF59-871F-4AC0-9648-60B263A612AD}.Debug|x64.Build.0 = Debug|Any CPU
		{ED28BF59-871F-4AC0-9648-60B263A612AD}.Debug|x86.ActiveCfg = Debug|Any CPU
		{ED28BF59-871F-4AC0-9648-60B263A612AD}.Debug|x86.Build.0 = Debug|Any CPU
		{ED28BF59-871F-4AC0-9648-60B263A612AD}.Release|Any CPU.ActiveCfg = Release|Any CPU
		{ED28BF59-871F-4AC0-9648-60B263A612AD}.Release|Any CPU.Build.0 = Release|Any CPU
		{ED28BF59-871F-4AC0-9648-60B263A612AD}.Release|x64.ActiveCfg = Release|Any CPU
		{ED28BF59-871F-4AC0-9648-60B263A612AD}.Release|x64.Build.0 = Release|Any CPU
		{ED28BF59-871F-4AC0-9648-60B263A612AD}.Release|x86.ActiveCfg = Release|Any CPU
		{ED28BF59-871F-4AC0-9648-60B263A612AD}.Release|x86.Build.0 = Release|Any CPU
		{FF265D08-D9E8-4527-B7BA-AF2F735F4C1F}.Debug|Any CPU.ActiveCfg = Debug|Any CPU
		{FF265D08-D9E8-4527-B7BA-AF2F735F4C1F}.Debug|Any CPU.Build.0 = Debug|Any CPU
		{FF265D08-D9E8-4527-B7BA-AF2F735F4C1F}.Debug|x64.ActiveCfg = Debug|Any CPU
		{FF265D08-D9E8-4527-B7BA-AF2F735F4C1F}.Debug|x64.Build.0 = Debug|Any CPU
		{FF265D08-D9E8-4527-B7BA-AF2F735F4C1F}.Debug|x86.ActiveCfg = Debug|Any CPU
		{FF265D08-D9E8-4527-B7BA-AF2F735F4C1F}.Debug|x86.Build.0 = Debug|Any CPU
		{FF265D08-D9E8-4527-B7BA-AF2F735F4C1F}.Release|Any CPU.ActiveCfg = Release|Any CPU
		{FF265D08-D9E8-4527-B7BA-AF2F735F4C1F}.Release|Any CPU.Build.0 = Release|Any CPU
		{FF265D08-D9E8-4527-B7BA-AF2F735F4C1F}.Release|x64.ActiveCfg = Release|Any CPU
		{FF265D08-D9E8-4527-B7BA-AF2F735F4C1F}.Release|x64.Build.0 = Release|Any CPU
		{FF265D08-D9E8-4527-B7BA-AF2F735F4C1F}.Release|x86.ActiveCfg = Release|Any CPU
		{FF265D08-D9E8-4527-B7BA-AF2F735F4C1F}.Release|x86.Build.0 = Release|Any CPU
		{412B650F-9977-4B96-8EFC-CED78F5263B5}.Debug|Any CPU.ActiveCfg = Debug|Any CPU
		{412B650F-9977-4B96-8EFC-CED78F5263B5}.Debug|Any CPU.Build.0 = Debug|Any CPU
		{412B650F-9977-4B96-8EFC-CED78F5263B5}.Debug|x64.ActiveCfg = Debug|Any CPU
		{412B650F-9977-4B96-8EFC-CED78F5263B5}.Debug|x64.Build.0 = Debug|Any CPU
		{412B650F-9977-4B96-8EFC-CED78F5263B5}.Debug|x86.ActiveCfg = Debug|Any CPU
		{412B650F-9977-4B96-8EFC-CED78F5263B5}.Debug|x86.Build.0 = Debug|Any CPU
		{412B650F-9977-4B96-8EFC-CED78F5263B5}.Release|Any CPU.ActiveCfg = Release|Any CPU
		{412B650F-9977-4B96-8EFC-CED78F5263B5}.Release|Any CPU.Build.0 = Release|Any CPU
		{412B650F-9977-4B96-8EFC-CED78F5263B5}.Release|x64.ActiveCfg = Release|Any CPU
		{412B650F-9977-4B96-8EFC-CED78F5263B5}.Release|x64.Build.0 = Release|Any CPU
		{412B650F-9977-4B96-8EFC-CED78F5263B5}.Release|x86.ActiveCfg = Release|Any CPU
		{412B650F-9977-4B96-8EFC-CED78F5263B5}.Release|x86.Build.0 = Release|Any CPU
		{5CF0167F-92B9-4759-870A-28F4D0CB93B4}.Debug|Any CPU.ActiveCfg = Debug|Any CPU
		{5CF0167F-92B9-4759-870A-28F4D0CB93B4}.Debug|Any CPU.Build.0 = Debug|Any CPU
		{5CF0167F-92B9-4759-870A-28F4D0CB93B4}.Debug|x64.ActiveCfg = Debug|Any CPU
		{5CF0167F-92B9-4759-870A-28F4D0CB93B4}.Debug|x64.Build.0 = Debug|Any CPU
		{5CF0167F-92B9-4759-870A-28F4D0CB93B4}.Debug|x86.ActiveCfg = Debug|Any CPU
		{5CF0167F-92B9-4759-870A-28F4D0CB93B4}.Debug|x86.Build.0 = Debug|Any CPU
		{5CF0167F-92B9-4759-870A-28F4D0CB93B4}.Release|Any CPU.ActiveCfg = Release|Any CPU
		{5CF0167F-92B9-4759-870A-28F4D0CB93B4}.Release|Any CPU.Build.0 = Release|Any CPU
		{5CF0167F-92B9-4759-870A-28F4D0CB93B4}.Release|x64.ActiveCfg = Release|Any CPU
		{5CF0167F-92B9-4759-870A-28F4D0CB93B4}.Release|x64.Build.0 = Release|Any CPU
		{5CF0167F-92B9-4759-870A-28F4D0CB93B4}.Release|x86.ActiveCfg = Release|Any CPU
		{5CF0167F-92B9-4759-870A-28F4D0CB93B4}.Release|x86.Build.0 = Release|Any CPU
		{661188AE-FEEF-47C8-8396-890410EE86A3}.Debug|Any CPU.ActiveCfg = Debug|Any CPU
		{661188AE-FEEF-47C8-8396-890410EE86A3}.Debug|Any CPU.Build.0 = Debug|Any CPU
		{661188AE-FEEF-47C8-8396-890410EE86A3}.Debug|x64.ActiveCfg = Debug|Any CPU
		{661188AE-FEEF-47C8-8396-890410EE86A3}.Debug|x64.Build.0 = Debug|Any CPU
		{661188AE-FEEF-47C8-8396-890410EE86A3}.Debug|x86.ActiveCfg = Debug|Any CPU
		{661188AE-FEEF-47C8-8396-890410EE86A3}.Debug|x86.Build.0 = Debug|Any CPU
		{661188AE-FEEF-47C8-8396-890410EE86A3}.Release|Any CPU.ActiveCfg = Release|Any CPU
		{661188AE-FEEF-47C8-8396-890410EE86A3}.Release|Any CPU.Build.0 = Release|Any CPU
		{661188AE-FEEF-47C8-8396-890410EE86A3}.Release|x64.ActiveCfg = Release|Any CPU
		{661188AE-FEEF-47C8-8396-890410EE86A3}.Release|x64.Build.0 = Release|Any CPU
		{661188AE-FEEF-47C8-8396-890410EE86A3}.Release|x86.ActiveCfg = Release|Any CPU
		{661188AE-FEEF-47C8-8396-890410EE86A3}.Release|x86.Build.0 = Release|Any CPU
		{2823CFB9-369E-4409-9F4A-66D57F1335DF}.Debug|Any CPU.ActiveCfg = Debug|Any CPU
		{2823CFB9-369E-4409-9F4A-66D57F1335DF}.Debug|Any CPU.Build.0 = Debug|Any CPU
		{2823CFB9-369E-4409-9F4A-66D57F1335DF}.Debug|x64.ActiveCfg = Debug|Any CPU
		{2823CFB9-369E-4409-9F4A-66D57F1335DF}.Debug|x64.Build.0 = Debug|Any CPU
		{2823CFB9-369E-4409-9F4A-66D57F1335DF}.Debug|x86.ActiveCfg = Debug|Any CPU
		{2823CFB9-369E-4409-9F4A-66D57F1335DF}.Debug|x86.Build.0 = Debug|Any CPU
		{2823CFB9-369E-4409-9F4A-66D57F1335DF}.Release|Any CPU.ActiveCfg = Release|Any CPU
		{2823CFB9-369E-4409-9F4A-66D57F1335DF}.Release|Any CPU.Build.0 = Release|Any CPU
		{2823CFB9-369E-4409-9F4A-66D57F1335DF}.Release|x64.ActiveCfg = Release|Any CPU
		{2823CFB9-369E-4409-9F4A-66D57F1335DF}.Release|x64.Build.0 = Release|Any CPU
		{2823CFB9-369E-4409-9F4A-66D57F1335DF}.Release|x86.ActiveCfg = Release|Any CPU
		{2823CFB9-369E-4409-9F4A-66D57F1335DF}.Release|x86.Build.0 = Release|Any CPU
		{3E57CA3F-FA1E-4500-B676-7F430923C37C}.Debug|Any CPU.ActiveCfg = Debug|Any CPU
		{3E57CA3F-FA1E-4500-B676-7F430923C37C}.Debug|Any CPU.Build.0 = Debug|Any CPU
		{3E57CA3F-FA1E-4500-B676-7F430923C37C}.Debug|x64.ActiveCfg = Debug|Any CPU
		{3E57CA3F-FA1E-4500-B676-7F430923C37C}.Debug|x64.Build.0 = Debug|Any CPU
		{3E57CA3F-FA1E-4500-B676-7F430923C37C}.Debug|x86.ActiveCfg = Debug|Any CPU
		{3E57CA3F-FA1E-4500-B676-7F430923C37C}.Debug|x86.Build.0 = Debug|Any CPU
		{3E57CA3F-FA1E-4500-B676-7F430923C37C}.Release|Any CPU.ActiveCfg = Release|Any CPU
		{3E57CA3F-FA1E-4500-B676-7F430923C37C}.Release|Any CPU.Build.0 = Release|Any CPU
		{3E57CA3F-FA1E-4500-B676-7F430923C37C}.Release|x64.ActiveCfg = Release|Any CPU
		{3E57CA3F-FA1E-4500-B676-7F430923C37C}.Release|x64.Build.0 = Release|Any CPU
		{3E57CA3F-FA1E-4500-B676-7F430923C37C}.Release|x86.ActiveCfg = Release|Any CPU
		{3E57CA3F-FA1E-4500-B676-7F430923C37C}.Release|x86.Build.0 = Release|Any CPU
	EndGlobalSection
	GlobalSection(SolutionProperties) = preSolution
		HideSolutionNode = FALSE
	EndGlobalSection
	GlobalSection(NestedProjects) = preSolution
		{24BCF220-C52F-4CD4-87D2-B24D18675FEC} = {827E0CD3-B72D-47B6-A68D-7590B98EB39B}
		{15EDCC52-3803-43CA-A2C0-5A67433FF43A} = {827E0CD3-B72D-47B6-A68D-7590B98EB39B}
		{58935776-AC49-4F69-8A57-2035A0204A1D} = {827E0CD3-B72D-47B6-A68D-7590B98EB39B}
		{89DA8709-ECE9-4CA5-96D9-EBB1738A4813} = {827E0CD3-B72D-47B6-A68D-7590B98EB39B}
		{FAD6760E-8C42-43A4-933A-068DAF5A03A4} = {827E0CD3-B72D-47B6-A68D-7590B98EB39B}
		{195CA208-E160-4391-8EF5-F7B0F1BB81D1} = {827E0CD3-B72D-47B6-A68D-7590B98EB39B}
		{026231E3-18DB-4C5B-A6A5-7D0A9BD16679} = {827E0CD3-B72D-47B6-A68D-7590B98EB39B}
		{EB660813-74F0-4BA3-95A0-1FF969A9E957} = {827E0CD3-B72D-47B6-A68D-7590B98EB39B}
		{7A9F0B02-3A1C-48BE-8AFD-6F11412DCB4C} = {827E0CD3-B72D-47B6-A68D-7590B98EB39B}
		{24960CA9-56F8-43B4-99C8-00DDBF4FC859} = {827E0CD3-B72D-47B6-A68D-7590B98EB39B}
		{84BA5D31-0D4F-48EB-AC97-95F788DF376B} = {0AB3BF05-4346-4AA6-1389-037BE0695223}
		{0248436D-368A-4411-BBB2-B4C3A9931F3A} = {0AB3BF05-4346-4AA6-1389-037BE0695223}
		{ED28BF59-871F-4AC0-9648-60B263A612AD} = {0AB3BF05-4346-4AA6-1389-037BE0695223}
		{FF265D08-D9E8-4527-B7BA-AF2F735F4C1F} = {0AB3BF05-4346-4AA6-1389-037BE0695223}
		{412B650F-9977-4B96-8EFC-CED78F5263B5} = {0AB3BF05-4346-4AA6-1389-037BE0695223}
		{5CF0167F-92B9-4759-870A-28F4D0CB93B4} = {0AB3BF05-4346-4AA6-1389-037BE0695223}
		{661188AE-FEEF-47C8-8396-890410EE86A3} = {0AB3BF05-4346-4AA6-1389-037BE0695223}
		{2823CFB9-369E-4409-9F4A-66D57F1335DF} = {0AB3BF05-4346-4AA6-1389-037BE0695223}
		{3E57CA3F-FA1E-4500-B676-7F430923C37C} = {0AB3BF05-4346-4AA6-1389-037BE0695223}
	EndGlobalSection
EndGlobal
